
Microsoft Visual Studio Solution File, Format Version 12.00
Project("{FAE04EC0-301F-11D3-BF4B-00C04F79EFBC}") = "EntityFrameworkCore.Extensions.Sequences", "EntityFrameworkCore.Extensions.Sequences\EntityFrameworkCore.Extensions.Sequences.csproj", "{9FBF7A6B-A450-4D9E-A61C-58CDEF327718}"
EndProject
Project("{FAE04EC0-301F-11D3-BF4B-00C04F79EFBC}") = "EntityFrameworkCore.Extensions.Sequences.SqlServer", "EntityFrameworkCore.Extensions.Sequences.SqlServer\EntityFrameworkCore.Extensions.Sequences.SqlServer.csproj", "{CD0749BF-B1C6-4CD3-8C3D-07A2532BD953}"
EndProject
Project("{FAE04EC0-301F-11D3-BF4B-00C04F79EFBC}") = "EntityFrameworkCore.Extensions.Sequences.PostgreSQL", "EntityFrameworkCore.Extensions.Sequences.PostgreSQL\EntityFrameworkCore.Extensions.Sequences.PostgreSQL.csproj", "{C64445ED-9E81-45AC-87DA-26EFF827AD5E}"
EndProject
Project("{FAE04EC0-301F-11D3-BF4B-00C04F79EFBC}") = "EntityFrameworkCore.Extensions.Sequences.Test", "EntityFrameworkCore.Extensions.Sequences.Test\EntityFrameworkCore.Extensions.Sequences.Test.csproj", "{DC764EFF-4B56-49CE-86C6-DF11EA24230D}"
EndProject
Global
	GlobalSection(SolutionConfigurationPlatforms) = preSolution
		Debug|Any CPU = Debug|Any CPU
		Release|Any CPU = Release|Any CPU
	EndGlobalSection
	GlobalSection(ProjectConfigurationPlatforms) = postSolution
		{9FBF7A6B-A450-4D9E-A61C-58CDEF327718}.Debug|Any CPU.ActiveCfg = Debug|Any CPU
		{9FBF7A6B-A450-4D9E-A61C-58CDEF327718}.Debug|Any CPU.Build.0 = Debug|Any CPU
		{9FBF7A6B-A450-4D9E-A61C-58CDEF327718}.Release|Any CPU.ActiveCfg = Release|Any CPU
		{9FBF7A6B-A450-4D9E-A61C-58CDEF327718}.Release|Any CPU.Build.0 = Release|Any CPU
		{CD0749BF-B1C6-4CD3-8C3D-07A2532BD953}.Debug|Any CPU.ActiveCfg = Debug|Any CPU
		{CD0749BF-B1C6-4CD3-8C3D-07A2532BD953}.Debug|Any CPU.Build.0 = Debug|Any CPU
		{CD0749BF-B1C6-4CD3-8C3D-07A2532BD953}.Release|Any CPU.ActiveCfg = Release|Any CPU
		{CD0749BF-B1C6-4CD3-8C3D-07A2532BD953}.Release|Any CPU.Build.0 = Release|Any CPU
		{C64445ED-9E81-45AC-87DA-26EFF827AD5E}.Debug|Any CPU.ActiveCfg = Debug|Any CPU
		{C64445ED-9E81-45AC-87DA-26EFF827AD5E}.Debug|Any CPU.Build.0 = Debug|Any CPU
		{C64445ED-9E81-45AC-87DA-26EFF827AD5E}.Release|Any CPU.ActiveCfg = Release|Any CPU
		{C64445ED-9E81-45AC-87DA-26EFF827AD5E}.Release|Any CPU.Build.0 = Release|Any CPU
		{DC764EFF-4B56-49CE-86C6-DF11EA24230D}.Debug|Any CPU.ActiveCfg = Debug|Any CPU
		{DC764EFF-4B56-49CE-86C6-DF11EA24230D}.Debug|Any CPU.Build.0 = Debug|Any CPU
		{DC764EFF-4B56-49CE-86C6-DF11EA24230D}.Release|Any CPU.ActiveCfg = Release|Any CPU
		{DC764EFF-4B56-49CE-86C6-DF11EA24230D}.Release|Any CPU.Build.0 = Release|Any CPU
	EndGlobalSection
EndGlobal
